
Microsoft Visual Studio Solution File, Format Version 12.00
# Visual Studio 11
Project("{2150E333-8FDC-42A3-9474-1A3956D46DE8}") = "Solution Items", "Solution Items", "{CEED7937-224D-4B04-95F7-1D91DAEDF102}"
EndProject
Project("{FAE04EC0-301F-11D3-BF4B-00C04F79EFBC}") = "BrainLab", "BrainLab\BrainLab.csproj", "{BAB5B2D2-972B-464A-A94E-57E56C591CFF}"
	ProjectSection(ProjectDependencies) = postProject
		{6C9FFF1F-0E0E-4E38-8B47-F7781EC4949A} = {6C9FFF1F-0E0E-4E38-8B47-F7781EC4949A}
	EndProjectSection
EndProject
Project("{8BC9CEB8-8B4A-11D0-8D11-00A0C91BC942}") = "BrainLabNative", "BrainLabNative\BrainLabNative.vcxproj", "{6C9FFF1F-0E0E-4E38-8B47-F7781EC4949A}"
EndProject
Project("{8BC9CEB8-8B4A-11D0-8D11-00A0C91BC942}") = "BrainLabLibrary", "BrainLabLibrary\BrainLabLibrary.vcxproj", "{EDB622CB-C66F-4F58-8A48-F1CDC856C9EE}"
EndProject
Project("{FAE04EC0-301F-11D3-BF4B-00C04F79EFBC}") = "BrainLabStorage", "BrainLabStorage\BrainLabStorage.csproj", "{5477F53E-48E6-48F2-93B9-4901855F4F32}"
EndProject
Global
	GlobalSection(SolutionConfigurationPlatforms) = preSolution
		Debug|Any CPU = Debug|Any CPU
		Debug|Mixed Platforms = Debug|Mixed Platforms
		Debug|Win32 = Debug|Win32
		Debug|x64 = Debug|x64
		Debug|x86 = Debug|x86
		Release20|Any CPU = Release20|Any CPU
		Release20|Mixed Platforms = Release20|Mixed Platforms
		Release20|Win32 = Release20|Win32
		Release20|x64 = Release20|x64
		Release20|x86 = Release20|x86
		Release|Any CPU = Release|Any CPU
		Release|Mixed Platforms = Release|Mixed Platforms
		Release|Win32 = Release|Win32
		Release|x64 = Release|x64
		Release|x86 = Release|x86
	EndGlobalSection
	GlobalSection(ProjectConfigurationPlatforms) = postSolution
		{5477F53E-48E6-48F2-93B9-4901855F4F32}.Debug|Any CPU.ActiveCfg = Debug|Any CPU
		{5477F53E-48E6-48F2-93B9-4901855F4F32}.Debug|Any CPU.Build.0 = Debug|Any CPU
		{5477F53E-48E6-48F2-93B9-4901855F4F32}.Debug|Mixed Platforms.ActiveCfg = Debug|x86
		{5477F53E-48E6-48F2-93B9-4901855F4F32}.Debug|Mixed Platforms.Build.0 = Debug|x86
		{5477F53E-48E6-48F2-93B9-4901855F4F32}.Debug|Win32.ActiveCfg = Debug|x86
		{5477F53E-48E6-48F2-93B9-4901855F4F32}.Debug|x64.ActiveCfg = Debug|x64
		{5477F53E-48E6-48F2-93B9-4901855F4F32}.Debug|x64.Build.0 = Debug|x64
		{5477F53E-48E6-48F2-93B9-4901855F4F32}.Debug|x86.ActiveCfg = Release|x64
		{5477F53E-48E6-48F2-93B9-4901855F4F32}.Debug|x86.Build.0 = Release|x64
		{5477F53E-48E6-48F2-93B9-4901855F4F32}.Release20|Any CPU.ActiveCfg = Release|x86
		{5477F53E-48E6-48F2-93B9-4901855F4F32}.Release20|Mixed Platforms.ActiveCfg = Release|x86
		{5477F53E-48E6-48F2-93B9-4901855F4F32}.Release20|Mixed Platforms.Build.0 = Release|x86
		{5477F53E-48E6-48F2-93B9-4901855F4F32}.Release20|Win32.ActiveCfg = Release|x86
		{5477F53E-48E6-48F2-93B9-4901855F4F32}.Release20|x64.ActiveCfg = Release|x86
		{5477F53E-48E6-48F2-93B9-4901855F4F32}.Release20|x86.ActiveCfg = Release|x86
		{5477F53E-48E6-48F2-93B9-4901855F4F32}.Release20|x86.Build.0 = Release|x86
		{5477F53E-48E6-48F2-93B9-4901855F4F32}.Release|Any CPU.ActiveCfg = Release|Any CPU
		{5477F53E-48E6-48F2-93B9-4901855F4F32}.Release|Any CPU.Build.0 = Release|Any CPU
		{5477F53E-48E6-48F2-93B9-4901855F4F32}.Release|Mixed Platforms.ActiveCfg = Release|x86
		{5477F53E-48E6-48F2-93B9-4901855F4F32}.Release|Mixed Platforms.Build.0 = Release|x86
		{5477F53E-48E6-48F2-93B9-4901855F4F32}.Release|Win32.ActiveCfg = Release|x86
		{5477F53E-48E6-48F2-93B9-4901855F4F32}.Release|x64.ActiveCfg = Release|x86
		{5477F53E-48E6-48F2-93B9-4901855F4F32}.Release|x86.ActiveCfg = Release|x64
		{5477F53E-48E6-48F2-93B9-4901855F4F32}.Release|x86.Build.0 = Release|x64
		{6C9FFF1F-0E0E-4E38-8B47-F7781EC4949A}.Debug|Any CPU.ActiveCfg = Debug|x64
		{6C9FFF1F-0E0E-4E38-8B47-F7781EC4949A}.Debug|Mixed Platforms.ActiveCfg = Debug|x64
		{6C9FFF1F-0E0E-4E38-8B47-F7781EC4949A}.Debug|Mixed Platforms.Build.0 = Debug|x64
		{6C9FFF1F-0E0E-4E38-8B47-F7781EC4949A}.Debug|Win32.ActiveCfg = Debug|Win32
		{6C9FFF1F-0E0E-4E38-8B47-F7781EC4949A}.Debug|Win32.Build.0 = Debug|Win32
		{6C9FFF1F-0E0E-4E38-8B47-F7781EC4949A}.Debug|x64.ActiveCfg = Debug|x64
		{6C9FFF1F-0E0E-4E38-8B47-F7781EC4949A}.Debug|x64.Build.0 = Debug|x64
		{6C9FFF1F-0E0E-4E38-8B47-F7781EC4949A}.Debug|x86.ActiveCfg = Release|x64
		{6C9FFF1F-0E0E-4E38-8B47-F7781EC4949A}.Debug|x86.Build.0 = Release|x64
		{6C9FFF1F-0E0E-4E38-8B47-F7781EC4949A}.Release20|Any CPU.ActiveCfg = Release|x64
		{6C9FFF1F-0E0E-4E38-8B47-F7781EC4949A}.Release20|Mixed Platforms.ActiveCfg = Release|x64
		{6C9FFF1F-0E0E-4E38-8B47-F7781EC4949A}.Release20|Mixed Platforms.Build.0 = Release|x64
		{6C9FFF1F-0E0E-4E38-8B47-F7781EC4949A}.Release20|Win32.ActiveCfg = Release|x64
		{6C9FFF1F-0E0E-4E38-8B47-F7781EC4949A}.Release20|x64.ActiveCfg = Release|x64
		{6C9FFF1F-0E0E-4E38-8B47-F7781EC4949A}.Release20|x64.Build.0 = Release|x64
		{6C9FFF1F-0E0E-4E38-8B47-F7781EC4949A}.Release20|x86.ActiveCfg = Release|x64
		{6C9FFF1F-0E0E-4E38-8B47-F7781EC4949A}.Release|Any CPU.ActiveCfg = Release|x64
		{6C9FFF1F-0E0E-4E38-8B47-F7781EC4949A}.Release|Mixed Platforms.ActiveCfg = Release|x64
		{6C9FFF1F-0E0E-4E38-8B47-F7781EC4949A}.Release|Mixed Platforms.Build.0 = Release|x64
		{6C9FFF1F-0E0E-4E38-8B47-F7781EC4949A}.Release|Win32.ActiveCfg = Release|Win32
		{6C9FFF1F-0E0E-4E38-8B47-F7781EC4949A}.Release|Win32.Build.0 = Release|Win32
		{6C9FFF1F-0E0E-4E38-8B47-F7781EC4949A}.Release|x64.ActiveCfg = Release|x64
		{6C9FFF1F-0E0E-4E38-8B47-F7781EC4949A}.Release|x64.Build.0 = Release|x64
		{6C9FFF1F-0E0E-4E38-8B47-F7781EC4949A}.Release|x86.ActiveCfg = Release|x64
		{6C9FFF1F-0E0E-4E38-8B47-F7781EC4949A}.Release|x86.Build.0 = Release|x64
		{BAB5B2D2-972B-464A-A94E-57E56C591CFF}.Debug|Any CPU.ActiveCfg = Debug|x86
		{BAB5B2D2-972B-464A-A94E-57E56C591CFF}.Debug|Mixed Platforms.ActiveCfg = Debug|x86
		{BAB5B2D2-972B-464A-A94E-57E56C591CFF}.Debug|Mixed Platforms.Build.0 = Debug|x86
		{BAB5B2D2-972B-464A-A94E-57E56C591CFF}.Debug|Win32.ActiveCfg = Debug|x86
		{BAB5B2D2-972B-464A-A94E-57E56C591CFF}.Debug|x64.ActiveCfg = Debug|x64
		{BAB5B2D2-972B-464A-A94E-57E56C591CFF}.Debug|x64.Build.0 = Debug|x64
		{BAB5B2D2-972B-464A-A94E-57E56C591CFF}.Debug|x86.ActiveCfg = Debug|x64
		{BAB5B2D2-972B-464A-A94E-57E56C591CFF}.Debug|x86.Build.0 = Debug|x64
		{BAB5B2D2-972B-464A-A94E-57E56C591CFF}.Release20|Any CPU.ActiveCfg = Release|x86
		{BAB5B2D2-972B-464A-A94E-57E56C591CFF}.Release20|Mixed Platforms.ActiveCfg = Release|x86
		{BAB5B2D2-972B-464A-A94E-57E56C591CFF}.Release20|Mixed Platforms.Build.0 = Release|x86
		{BAB5B2D2-972B-464A-A94E-57E56C591CFF}.Release20|Win32.ActiveCfg = Release|x86
		{BAB5B2D2-972B-464A-A94E-57E56C591CFF}.Release20|x64.ActiveCfg = Release|x64
		{BAB5B2D2-972B-464A-A94E-57E56C591CFF}.Release20|x64.Build.0 = Release|x64
		{BAB5B2D2-972B-464A-A94E-57E56C591CFF}.Release20|x86.ActiveCfg = Release|x86
		{BAB5B2D2-972B-464A-A94E-57E56C591CFF}.Release20|x86.Build.0 = Release|x86
		{BAB5B2D2-972B-464A-A94E-57E56C591CFF}.Release|Any CPU.ActiveCfg = Release|x86
		{BAB5B2D2-972B-464A-A94E-57E56C591CFF}.Release|Mixed Platforms.ActiveCfg = Release|x86
		{BAB5B2D2-972B-464A-A94E-57E56C591CFF}.Release|Mixed Platforms.Build.0 = Release|x86
		{BAB5B2D2-972B-464A-A94E-57E56C591CFF}.Release|Win32.ActiveCfg = Release|x86
		{BAB5B2D2-972B-464A-A94E-57E56C591CFF}.Release|x64.ActiveCfg = Release|x64
		{BAB5B2D2-972B-464A-A94E-57E56C591CFF}.Release|x86.ActiveCfg = Release|x64
		{BAB5B2D2-972B-464A-A94E-57E56C591CFF}.Release|x86.Build.0 = Release|x64
		{EDB622CB-C66F-4F58-8A48-F1CDC856C9EE}.Debug|Any CPU.ActiveCfg = Debug|x64
		{EDB622CB-C66F-4F58-8A48-F1CDC856C9EE}.Debug|Mixed Platforms.ActiveCfg = Debug|x64
		{EDB622CB-C66F-4F58-8A48-F1CDC856C9EE}.Debug|Mixed Platforms.Build.0 = Debug|x64
		{EDB622CB-C66F-4F58-8A48-F1CDC856C9EE}.Debug|Win32.ActiveCfg = Debug|Win32
		{EDB622CB-C66F-4F58-8A48-F1CDC856C9EE}.Debug|Win32.Build.0 = Debug|Win32
		{EDB622CB-C66F-4F58-8A48-F1CDC856C9EE}.Debug|x64.ActiveCfg = Debug|x64
		{EDB622CB-C66F-4F58-8A48-F1CDC856C9EE}.Debug|x64.Build.0 = Debug|x64
		{EDB622CB-C66F-4F58-8A48-F1CDC856C9EE}.Debug|x86.ActiveCfg = Release|x64
		{EDB622CB-C66F-4F58-8A48-F1CDC856C9EE}.Debug|x86.Build.0 = Release|x64
		{EDB622CB-C66F-4F58-8A48-F1CDC856C9EE}.Release20|Any CPU.ActiveCfg = Release|x64
		{EDB622CB-C66F-4F58-8A48-F1CDC856C9EE}.Release20|Mixed Platforms.ActiveCfg = Release|x64
		{EDB622CB-C66F-4F58-8A48-F1CDC856C9EE}.Release20|Mixed Platforms.Build.0 = Release|x64
		{EDB622CB-C66F-4F58-8A48-F1CDC856C9EE}.Release20|Win32.ActiveCfg = Release|x64
		{EDB622CB-C66F-4F58-8A48-F1CDC856C9EE}.Release20|x64.ActiveCfg = Release|x64
		{EDB622CB-C66F-4F58-8A48-F1CDC856C9EE}.Release20|x64.Build.0 = Release|x64
		{EDB622CB-C66F-4F58-8A48-F1CDC856C9EE}.Release20|x86.ActiveCfg = Release|x64
		{EDB622CB-C66F-4F58-8A48-F1CDC856C9EE}.Release|Any CPU.ActiveCfg = Release|x64
		{EDB622CB-C66F-4F58-8A48-F1CDC856C9EE}.Release|Mixed Platforms.ActiveCfg = Release|x64
		{EDB622CB-C66F-4F58-8A48-F1CDC856C9EE}.Release|Mixed Platforms.Build.0 = Release|x64
		{EDB622CB-C66F-4F58-8A48-F1CDC856C9EE}.Release|Win32.ActiveCfg = Release|Win32
		{EDB622CB-C66F-4F58-8A48-F1CDC856C9EE}.Release|Win32.Build.0 = Release|Win32
		{EDB622CB-C66F-4F58-8A48-F1CDC856C9EE}.Release|x64.ActiveCfg = Release|x64
		{EDB622CB-C66F-4F58-8A48-F1CDC856C9EE}.Release|x64.Build.0 = Release|x64
		{EDB622CB-C66F-4F58-8A48-F1CDC856C9EE}.Release|x86.ActiveCfg = Release|x64
		{EDB622CB-C66F-4F58-8A48-F1CDC856C9EE}.Release|x86.Build.0 = Release|x64
	EndGlobalSection
	GlobalSection(SolutionProperties) = preSolution
		HideSolutionNode = FALSE
	EndGlobalSection
EndGlobal
