
Microsoft Visual Studio Solution File, Format Version 12.00
# Visual Studio 11
Project("{2150E333-8FDC-42A3-9474-1A3956D46DE8}") = "Solution Items", "Solution Items", "{CEED7937-224D-4B04-95F7-1D91DAEDF102}"
	ProjectSection(SolutionItems) = preProject
		Performance1.psess = Performance1.psess
	EndProjectSection
EndProject
Project("{FAE04EC0-301F-11D3-BF4B-00C04F79EFBC}") = "BrainLab", "BrainLab\BrainLab.csproj", "{BAB5B2D2-972B-464A-A94E-57E56C591CFF}"
EndProject
Project("{8BC9CEB8-8B4A-11D0-8D11-00A0C91BC942}") = "BrainLabLibrary", "BrainLabLibrary\BrainLabLibrary.vcxproj", "{EDB622CB-C66F-4F58-8A48-F1CDC856C9EE}"
EndProject
Project("{FAE04EC0-301F-11D3-BF4B-00C04F79EFBC}") = "BrainLabStorage", "BrainLabStorage\BrainLabStorage.csproj", "{5477F53E-48E6-48F2-93B9-4901855F4F32}"
EndProject
Project("{FAE04EC0-301F-11D3-BF4B-00C04F79EFBC}") = "BrainLabFileConvert", "BrainLabFileConvert\BrainLabFileConvert.csproj", "{224D2043-9982-4174-89FD-942CFC074B04}"
EndProject
Global
	GlobalSection(SolutionConfigurationPlatforms) = preSolution
		Debug|x86 = Debug|x86
		Release|x86 = Release|x86
	EndGlobalSection
	GlobalSection(ProjectConfigurationPlatforms) = postSolution
		{224D2043-9982-4174-89FD-942CFC074B04}.Debug|x86.ActiveCfg = Debug|x86
		{224D2043-9982-4174-89FD-942CFC074B04}.Debug|x86.Build.0 = Debug|x86
		{224D2043-9982-4174-89FD-942CFC074B04}.Release|x86.ActiveCfg = Release|x86
		{224D2043-9982-4174-89FD-942CFC074B04}.Release|x86.Build.0 = Release|x86
		{5477F53E-48E6-48F2-93B9-4901855F4F32}.Debug|x86.ActiveCfg = Debug|x86
		{5477F53E-48E6-48F2-93B9-4901855F4F32}.Debug|x86.Build.0 = Debug|x86
		{5477F53E-48E6-48F2-93B9-4901855F4F32}.Release|x86.ActiveCfg = Release|x86
		{5477F53E-48E6-48F2-93B9-4901855F4F32}.Release|x86.Build.0 = Release|x86
		{BAB5B2D2-972B-464A-A94E-57E56C591CFF}.Debug|x86.ActiveCfg = Debug|x86
		{BAB5B2D2-972B-464A-A94E-57E56C591CFF}.Debug|x86.Build.0 = Debug|x86
		{BAB5B2D2-972B-464A-A94E-57E56C591CFF}.Release|x86.ActiveCfg = Release|x86
		{BAB5B2D2-972B-464A-A94E-57E56C591CFF}.Release|x86.Build.0 = Release|x86
		{EDB622CB-C66F-4F58-8A48-F1CDC856C9EE}.Debug|x86.ActiveCfg = Debug|Win32
		{EDB622CB-C66F-4F58-8A48-F1CDC856C9EE}.Debug|x86.Build.0 = Debug|Win32
		{EDB622CB-C66F-4F58-8A48-F1CDC856C9EE}.Release|x86.ActiveCfg = Release|Win32
		{EDB622CB-C66F-4F58-8A48-F1CDC856C9EE}.Release|x86.Build.0 = Release|Win32
	EndGlobalSection
	GlobalSection(SolutionProperties) = preSolution
		HideSolutionNode = FALSE
	EndGlobalSection
EndGlobal
